
Microsoft Visual Studio Solution File, Format Version 12.00
# Visual Studio 15
VisualStudioVersion = 15.0.28307.572
MinimumVisualStudioVersion = 10.0.40219.1
Project("{FAE04EC0-301F-11D3-BF4B-00C04F79EFBC}") = "FirstTest", "FirstTest.csproj", "{6EA46FD2-1A40-4BB5-8EA0-B57F01A8BE25}"
EndProject
Global
	GlobalSection(SolutionConfigurationPlatforms) = preSolution
		Debug|Any CPU = Debug|Any CPU
		Release|Any CPU = Release|Any CPU
	EndGlobalSection
	GlobalSection(ProjectConfigurationPlatforms) = postSolution
		{6EA46FD2-1A40-4BB5-8EA0-B57F01A8BE25}.Debug|Any CPU.ActiveCfg = Debug|Any CPU
		{6EA46FD2-1A40-4BB5-8EA0-B57F01A8BE25}.Debug|Any CPU.Build.0 = Debug|Any CPU
		{6EA46FD2-1A40-4BB5-8EA0-B57F01A8BE25}.Release|Any CPU.ActiveCfg = Release|Any CPU
		{6EA46FD2-1A40-4BB5-8EA0-B57F01A8BE25}.Release|Any CPU.Build.0 = Release|Any CPU
	EndGlobalSection
	GlobalSection(SolutionProperties) = preSolution
		HideSolutionNode = FALSE
	EndGlobalSection
	GlobalSection(ExtensibilityGlobals) = postSolution
		SolutionGuid = {CFB2748A-3303-42B0-8979-D51025DDCA58}
	EndGlobalSection
EndGlobal
